
Microsoft Visual Studio Solution File, Format Version 12.00
# Visual Studio 15
VisualStudioVersion = 15.0.26730.12
MinimumVisualStudioVersion = 10.0.40219.1
Project("{FAE04EC0-301F-11D3-BF4B-00C04F79EFBC}") = "calculadora.Android", "calculadora\calculadora.Android\calculadora.Android.csproj", "{72A035F0-E986-4A14-9EF7-780FFF6BFE03}"
EndProject
Project("{FAE04EC0-301F-11D3-BF4B-00C04F79EFBC}") = "calculadora", "calculadora\calculadora\calculadora.csproj", "{9EA1E3FE-A964-4EB0-ABA1-C5622CE2EFB2}"
EndProject
Project("{FAE04EC0-301F-11D3-BF4B-00C04F79EFBC}") = "calculadora.UWP", "calculadora\calculadora.UWP\calculadora.UWP.csproj", "{04573AA7-13B7-46B0-A468-2202FB5149DC}"
EndProject
Project("{FAE04EC0-301F-11D3-BF4B-00C04F79EFBC}") = "calculadora.iOS", "calculadora\calculadora.iOS\calculadora.iOS.csproj", "{3782B29F-69EC-44B8-89D2-075258F3763E}"
EndProject
Global
	GlobalSection(SolutionConfigurationPlatforms) = preSolution
		Ad-Hoc|Any CPU = Ad-Hoc|Any CPU
		Ad-Hoc|ARM = Ad-Hoc|ARM
		Ad-Hoc|iPhone = Ad-Hoc|iPhone
		Ad-Hoc|iPhoneSimulator = Ad-Hoc|iPhoneSimulator
		Ad-Hoc|x64 = Ad-Hoc|x64
		Ad-Hoc|x86 = Ad-Hoc|x86
		AppStore|Any CPU = AppStore|Any CPU
		AppStore|ARM = AppStore|ARM
		AppStore|iPhone = AppStore|iPhone
		AppStore|iPhoneSimulator = AppStore|iPhoneSimulator
		AppStore|x64 = AppStore|x64
		AppStore|x86 = AppStore|x86
		Debug|Any CPU = Debug|Any CPU
		Debug|ARM = Debug|ARM
		Debug|iPhone = Debug|iPhone
		Debug|iPhoneSimulator = Debug|iPhoneSimulator
		Debug|x64 = Debug|x64
		Debug|x86 = Debug|x86
		Release|Any CPU = Release|Any CPU
		Release|ARM = Release|ARM
		Release|iPhone = Release|iPhone
		Release|iPhoneSimulator = Release|iPhoneSimulator
		Release|x64 = Release|x64
		Release|x86 = Release|x86
	EndGlobalSection
	GlobalSection(ProjectConfigurationPlatforms) = postSolution
		{72A035F0-E986-4A14-9EF7-780FFF6BFE03}.Ad-Hoc|Any CPU.ActiveCfg = Release|Any CPU
		{72A035F0-E986-4A14-9EF7-780FFF6BFE03}.Ad-Hoc|Any CPU.Build.0 = Release|Any CPU
		{72A035F0-E986-4A14-9EF7-780FFF6BFE03}.Ad-Hoc|Any CPU.Deploy.0 = Release|Any CPU
		{72A035F0-E986-4A14-9EF7-780FFF6BFE03}.Ad-Hoc|ARM.ActiveCfg = Release|Any CPU
		{72A035F0-E986-4A14-9EF7-780FFF6BFE03}.Ad-Hoc|ARM.Build.0 = Release|Any CPU
		{72A035F0-E986-4A14-9EF7-780FFF6BFE03}.Ad-Hoc|ARM.Deploy.0 = Release|Any CPU
		{72A035F0-E986-4A14-9EF7-780FFF6BFE03}.Ad-Hoc|iPhone.ActiveCfg = Release|Any CPU
		{72A035F0-E986-4A14-9EF7-780FFF6BFE03}.Ad-Hoc|iPhone.Build.0 = Release|Any CPU
		{72A035F0-E986-4A14-9EF7-780FFF6BFE03}.Ad-Hoc|iPhone.Deploy.0 = Release|Any CPU
		{72A035F0-E986-4A14-9EF7-780FFF6BFE03}.Ad-Hoc|iPhoneSimulator.ActiveCfg = Release|Any CPU
		{72A035F0-E986-4A14-9EF7-780FFF6BFE03}.Ad-Hoc|iPhoneSimulator.Build.0 = Release|Any CPU
		{72A035F0-E986-4A14-9EF7-780FFF6BFE03}.Ad-Hoc|iPhoneSimulator.Deploy.0 = Release|Any CPU
		{72A035F0-E986-4A14-9EF7-780FFF6BFE03}.Ad-Hoc|x64.ActiveCfg = Release|Any CPU
		{72A035F0-E986-4A14-9EF7-780FFF6BFE03}.Ad-Hoc|x64.Build.0 = Release|Any CPU
		{72A035F0-E986-4A14-9EF7-780FFF6BFE03}.Ad-Hoc|x64.Deploy.0 = Release|Any CPU
		{72A035F0-E986-4A14-9EF7-780FFF6BFE03}.Ad-Hoc|x86.ActiveCfg = Release|Any CPU
		{72A035F0-E986-4A14-9EF7-780FFF6BFE03}.Ad-Hoc|x86.Build.0 = Release|Any CPU
		{72A035F0-E986-4A14-9EF7-780FFF6BFE03}.Ad-Hoc|x86.Deploy.0 = Release|Any CPU
		{72A035F0-E986-4A14-9EF7-780FFF6BFE03}.AppStore|Any CPU.ActiveCfg = Release|Any CPU
		{72A035F0-E986-4A14-9EF7-780FFF6BFE03}.AppStore|Any CPU.Build.0 = Release|Any CPU
		{72A035F0-E986-4A14-9EF7-780FFF6BFE03}.AppStore|Any CPU.Deploy.0 = Release|Any CPU
		{72A035F0-E986-4A14-9EF7-780FFF6BFE03}.AppStore|ARM.ActiveCfg = Release|Any CPU
		{72A035F0-E986-4A14-9EF7-780FFF6BFE03}.AppStore|ARM.Build.0 = Release|Any CPU
		{72A035F0-E986-4A14-9EF7-780FFF6BFE03}.AppStore|ARM.Deploy.0 = Release|Any CPU
		{72A035F0-E986-4A14-9EF7-780FFF6BFE03}.AppStore|iPhone.ActiveCfg = Release|Any CPU
		{72A035F0-E986-4A14-9EF7-780FFF6BFE03}.AppStore|iPhone.Build.0 = Release|Any CPU
		{72A035F0-E986-4A14-9EF7-780FFF6BFE03}.AppStore|iPhone.Deploy.0 = Release|Any CPU
		{72A035F0-E986-4A14-9EF7-780FFF6BFE03}.AppStore|iPhoneSimulator.ActiveCfg = Release|Any CPU
		{72A035F0-E986-4A14-9EF7-780FFF6BFE03}.AppStore|iPhoneSimulator.Build.0 = Release|Any CPU
		{72A035F0-E986-4A14-9EF7-780FFF6BFE03}.AppStore|iPhoneSimulator.Deploy.0 = Release|Any CPU
		{72A035F0-E986-4A14-9EF7-780FFF6BFE03}.AppStore|x64.ActiveCfg = Release|Any CPU
		{72A035F0-E986-4A14-9EF7-780FFF6BFE03}.AppStore|x64.Build.0 = Release|Any CPU
		{72A035F0-E986-4A14-9EF7-780FFF6BFE03}.AppStore|x64.Deploy.0 = Release|Any CPU
		{72A035F0-E986-4A14-9EF7-780FFF6BFE03}.AppStore|x86.ActiveCfg = Release|Any CPU
		{72A035F0-E986-4A14-9EF7-780FFF6BFE03}.AppStore|x86.Build.0 = Release|Any CPU
		{72A035F0-E986-4A14-9EF7-780FFF6BFE03}.AppStore|x86.Deploy.0 = Release|Any CPU
		{72A035F0-E986-4A14-9EF7-780FFF6BFE03}.Debug|Any CPU.ActiveCfg = Debug|Any CPU
		{72A035F0-E986-4A14-9EF7-780FFF6BFE03}.Debug|Any CPU.Build.0 = Debug|Any CPU
		{72A035F0-E986-4A14-9EF7-780FFF6BFE03}.Debug|Any CPU.Deploy.0 = Debug|Any CPU
		{72A035F0-E986-4A14-9EF7-780FFF6BFE03}.Debug|ARM.ActiveCfg = Debug|Any CPU
		{72A035F0-E986-4A14-9EF7-780FFF6BFE03}.Debug|ARM.Build.0 = Debug|Any CPU
		{72A035F0-E986-4A14-9EF7-780FFF6BFE03}.Debug|ARM.Deploy.0 = Debug|Any CPU
		{72A035F0-E986-4A14-9EF7-780FFF6BFE03}.Debug|iPhone.ActiveCfg = Debug|Any CPU
		{72A035F0-E986-4A14-9EF7-780FFF6BFE03}.Debug|iPhone.Build.0 = Debug|Any CPU
		{72A035F0-E986-4A14-9EF7-780FFF6BFE03}.Debug|iPhone.Deploy.0 = Debug|Any CPU
		{72A035F0-E986-4A14-9EF7-780FFF6BFE03}.Debug|iPhoneSimulator.ActiveCfg = Debug|Any CPU
		{72A035F0-E986-4A14-9EF7-780FFF6BFE03}.Debug|iPhoneSimulator.Build.0 = Debug|Any CPU
		{72A035F0-E986-4A14-9EF7-780FFF6BFE03}.Debug|iPhoneSimulator.Deploy.0 = Debug|Any CPU
		{72A035F0-E986-4A14-9EF7-780FFF6BFE03}.Debug|x64.ActiveCfg = Debug|Any CPU
		{72A035F0-E986-4A14-9EF7-780FFF6BFE03}.Debug|x64.Build.0 = Debug|Any CPU
		{72A035F0-E986-4A14-9EF7-780FFF6BFE03}.Debug|x64.Deploy.0 = Debug|Any CPU
		{72A035F0-E986-4A14-9EF7-780FFF6BFE03}.Debug|x86.ActiveCfg = Debug|Any CPU
		{72A035F0-E986-4A14-9EF7-780FFF6BFE03}.Debug|x86.Build.0 = Debug|Any CPU
		{72A035F0-E986-4A14-9EF7-780FFF6BFE03}.Debug|x86.Deploy.0 = Debug|Any CPU
		{72A035F0-E986-4A14-9EF7-780FFF6BFE03}.Release|Any CPU.ActiveCfg = Release|Any CPU
		{72A035F0-E986-4A14-9EF7-780FFF6BFE03}.Release|Any CPU.Build.0 = Release|Any CPU
		{72A035F0-E986-4A14-9EF7-780FFF6BFE03}.Release|Any CPU.Deploy.0 = Release|Any CPU
		{72A035F0-E986-4A14-9EF7-780FFF6BFE03}.Release|ARM.ActiveCfg = Release|Any CPU
		{72A035F0-E986-4A14-9EF7-780FFF6BFE03}.Release|ARM.Build.0 = Release|Any CPU
		{72A035F0-E986-4A14-9EF7-780FFF6BFE03}.Release|ARM.Deploy.0 = Release|Any CPU
		{72A035F0-E986-4A14-9EF7-780FFF6BFE03}.Release|iPhone.ActiveCfg = Release|Any CPU
		{72A035F0-E986-4A14-9EF7-780FFF6BFE03}.Release|iPhone.Build.0 = Release|Any CPU
		{72A035F0-E986-4A14-9EF7-780FFF6BFE03}.Release|iPhone.Deploy.0 = Release|Any CPU
		{72A035F0-E986-4A14-9EF7-780FFF6BFE03}.Release|iPhoneSimulator.ActiveCfg = Release|Any CPU
		{72A035F0-E986-4A14-9EF7-780FFF6BFE03}.Release|iPhoneSimulator.Build.0 = Release|Any CPU
		{72A035F0-E986-4A14-9EF7-780FFF6BFE03}.Release|iPhoneSimulator.Deploy.0 = Release|Any CPU
		{72A035F0-E986-4A14-9EF7-780FFF6BFE03}.Release|x64.ActiveCfg = Release|Any CPU
		{72A035F0-E986-4A14-9EF7-780FFF6BFE03}.Release|x64.Build.0 = Release|Any CPU
		{72A035F0-E986-4A14-9EF7-780FFF6BFE03}.Release|x64.Deploy.0 = Release|Any CPU
		{72A035F0-E986-4A14-9EF7-780FFF6BFE03}.Release|x86.ActiveCfg = Release|Any CPU
		{72A035F0-E986-4A14-9EF7-780FFF6BFE03}.Release|x86.Build.0 = Release|Any CPU
		{72A035F0-E986-4A14-9EF7-780FFF6BFE03}.Release|x86.Deploy.0 = Release|Any CPU
		{9EA1E3FE-A964-4EB0-ABA1-C5622CE2EFB2}.Ad-Hoc|Any CPU.ActiveCfg = Release|Any CPU
		{9EA1E3FE-A964-4EB0-ABA1-C5622CE2EFB2}.Ad-Hoc|Any CPU.Build.0 = Release|Any CPU
		{9EA1E3FE-A964-4EB0-ABA1-C5622CE2EFB2}.Ad-Hoc|ARM.ActiveCfg = Release|Any CPU
		{9EA1E3FE-A964-4EB0-ABA1-C5622CE2EFB2}.Ad-Hoc|ARM.Build.0 = Release|Any CPU
		{9EA1E3FE-A964-4EB0-ABA1-C5622CE2EFB2}.Ad-Hoc|iPhone.ActiveCfg = Release|Any CPU
		{9EA1E3FE-A964-4EB0-ABA1-C5622CE2EFB2}.Ad-Hoc|iPhone.Build.0 = Release|Any CPU
		{9EA1E3FE-A964-4EB0-ABA1-C5622CE2EFB2}.Ad-Hoc|iPhoneSimulator.ActiveCfg = Release|Any CPU
		{9EA1E3FE-A964-4EB0-ABA1-C5622CE2EFB2}.Ad-Hoc|iPhoneSimulator.Build.0 = Release|Any CPU
		{9EA1E3FE-A964-4EB0-ABA1-C5622CE2EFB2}.Ad-Hoc|x64.ActiveCfg = Release|Any CPU
		{9EA1E3FE-A964-4EB0-ABA1-C5622CE2EFB2}.Ad-Hoc|x64.Build.0 = Release|Any CPU
		{9EA1E3FE-A964-4EB0-ABA1-C5622CE2EFB2}.Ad-Hoc|x86.ActiveCfg = Release|Any CPU
		{9EA1E3FE-A964-4EB0-ABA1-C5622CE2EFB2}.Ad-Hoc|x86.Build.0 = Release|Any CPU
		{9EA1E3FE-A964-4EB0-ABA1-C5622CE2EFB2}.AppStore|Any CPU.ActiveCfg = Release|Any CPU
		{9EA1E3FE-A964-4EB0-ABA1-C5622CE2EFB2}.AppStore|Any CPU.Build.0 = Release|Any CPU
		{9EA1E3FE-A964-4EB0-ABA1-C5622CE2EFB2}.AppStore|ARM.ActiveCfg = Release|Any CPU
		{9EA1E3FE-A964-4EB0-ABA1-C5622CE2EFB2}.AppStore|ARM.Build.0 = Release|Any CPU
		{9EA1E3FE-A964-4EB0-ABA1-C5622CE2EFB2}.AppStore|iPhone.ActiveCfg = Release|Any CPU
		{9EA1E3FE-A964-4EB0-ABA1-C5622CE2EFB2}.AppStore|iPhone.Build.0 = Release|Any CPU
		{9EA1E3FE-A964-4EB0-ABA1-C5622CE2EFB2}.AppStore|iPhoneSimulator.ActiveCfg = Release|Any CPU
		{9EA1E3FE-A964-4EB0-ABA1-C5622CE2EFB2}.AppStore|iPhoneSimulator.Build.0 = Release|Any CPU
		{9EA1E3FE-A964-4EB0-ABA1-C5622CE2EFB2}.AppStore|x64.ActiveCfg = Release|Any CPU
		{9EA1E3FE-A964-4EB0-ABA1-C5622CE2EFB2}.AppStore|x64.Build.0 = Release|Any CPU
		{9EA1E3FE-A964-4EB0-ABA1-C5622CE2EFB2}.AppStore|x86.ActiveCfg = Release|Any CPU
		{9EA1E3FE-A964-4EB0-ABA1-C5622CE2EFB2}.AppStore|x86.Build.0 = Release|Any CPU
		{9EA1E3FE-A964-4EB0-ABA1-C5622CE2EFB2}.Debug|Any CPU.ActiveCfg = Debug|Any CPU
		{9EA1E3FE-A964-4EB0-ABA1-C5622CE2EFB2}.Debug|Any CPU.Build.0 = Debug|Any CPU
		{9EA1E3FE-A964-4EB0-ABA1-C5622CE2EFB2}.Debug|ARM.ActiveCfg = Debug|Any CPU
		{9EA1E3FE-A964-4EB0-ABA1-C5622CE2EFB2}.Debug|ARM.Build.0 = Debug|Any CPU
		{9EA1E3FE-A964-4EB0-ABA1-C5622CE2EFB2}.Debug|iPhone.ActiveCfg = Debug|Any CPU
		{9EA1E3FE-A964-4EB0-ABA1-C5622CE2EFB2}.Debug|iPhone.Build.0 = Debug|Any CPU
		{9EA1E3FE-A964-4EB0-ABA1-C5622CE2EFB2}.Debug|iPhoneSimulator.ActiveCfg = Debug|Any CPU
		{9EA1E3FE-A964-4EB0-ABA1-C5622CE2EFB2}.Debug|iPhoneSimulator.Build.0 = Debug|Any CPU
		{9EA1E3FE-A964-4EB0-ABA1-C5622CE2EFB2}.Debug|x64.ActiveCfg = Debug|Any CPU
		{9EA1E3FE-A964-4EB0-ABA1-C5622CE2EFB2}.Debug|x64.Build.0 = Debug|Any CPU
		{9EA1E3FE-A964-4EB0-ABA1-C5622CE2EFB2}.Debug|x86.ActiveCfg = Debug|Any CPU
		{9EA1E3FE-A964-4EB0-ABA1-C5622CE2EFB2}.Debug|x86.Build.0 = Debug|Any CPU
		{9EA1E3FE-A964-4EB0-ABA1-C5622CE2EFB2}.Release|Any CPU.ActiveCfg = Release|Any CPU
		{9EA1E3FE-A964-4EB0-ABA1-C5622CE2EFB2}.Release|Any CPU.Build.0 = Release|Any CPU
		{9EA1E3FE-A964-4EB0-ABA1-C5622CE2EFB2}.Release|ARM.ActiveCfg = Release|Any CPU
		{9EA1E3FE-A964-4EB0-ABA1-C5622CE2EFB2}.Release|ARM.Build.0 = Release|Any CPU
		{9EA1E3FE-A964-4EB0-ABA1-C5622CE2EFB2}.Release|iPhone.ActiveCfg = Release|Any CPU
		{9EA1E3FE-A964-4EB0-ABA1-C5622CE2EFB2}.Release|iPhone.Build.0 = Release|Any CPU
		{9EA1E3FE-A964-4EB0-ABA1-C5622CE2EFB2}.Release|iPhoneSimulator.ActiveCfg = Release|Any CPU
		{9EA1E3FE-A964-4EB0-ABA1-C5622CE2EFB2}.Release|iPhoneSimulator.Build.0 = Release|Any CPU
		{9EA1E3FE-A964-4EB0-ABA1-C5622CE2EFB2}.Release|x64.ActiveCfg = Release|Any CPU
		{9EA1E3FE-A964-4EB0-ABA1-C5622CE2EFB2}.Release|x64.Build.0 = Release|Any CPU
		{9EA1E3FE-A964-4EB0-ABA1-C5622CE2EFB2}.Release|x86.ActiveCfg = Release|Any CPU
		{9EA1E3FE-A964-4EB0-ABA1-C5622CE2EFB2}.Release|x86.Build.0 = Release|Any CPU
		{04573AA7-13B7-46B0-A468-2202FB5149DC}.Ad-Hoc|Any CPU.ActiveCfg = Release|x86
		{04573AA7-13B7-46B0-A468-2202FB5149DC}.Ad-Hoc|Any CPU.Build.0 = Release|x86
		{04573AA7-13B7-46B0-A468-2202FB5149DC}.Ad-Hoc|Any CPU.Deploy.0 = Release|x86
		{04573AA7-13B7-46B0-A468-2202FB5149DC}.Ad-Hoc|ARM.ActiveCfg = Release|ARM
		{04573AA7-13B7-46B0-A468-2202FB5149DC}.Ad-Hoc|ARM.Build.0 = Release|ARM
		{04573AA7-13B7-46B0-A468-2202FB5149DC}.Ad-Hoc|ARM.Deploy.0 = Release|ARM
		{04573AA7-13B7-46B0-A468-2202FB5149DC}.Ad-Hoc|iPhone.ActiveCfg = Release|x86
		{04573AA7-13B7-46B0-A468-2202FB5149DC}.Ad-Hoc|iPhone.Build.0 = Release|x86
		{04573AA7-13B7-46B0-A468-2202FB5149DC}.Ad-Hoc|iPhone.Deploy.0 = Release|x86
		{04573AA7-13B7-46B0-A468-2202FB5149DC}.Ad-Hoc|iPhoneSimulator.ActiveCfg = Release|x86
		{04573AA7-13B7-46B0-A468-2202FB5149DC}.Ad-Hoc|iPhoneSimulator.Build.0 = Release|x86
		{04573AA7-13B7-46B0-A468-2202FB5149DC}.Ad-Hoc|iPhoneSimulator.Deploy.0 = Release|x86
		{04573AA7-13B7-46B0-A468-2202FB5149DC}.Ad-Hoc|x64.ActiveCfg = Release|x64
		{04573AA7-13B7-46B0-A468-2202FB5149DC}.Ad-Hoc|x64.Build.0 = Release|x64
		{04573AA7-13B7-46B0-A468-2202FB5149DC}.Ad-Hoc|x64.Deploy.0 = Release|x64
		{04573AA7-13B7-46B0-A468-2202FB5149DC}.Ad-Hoc|x86.ActiveCfg = Release|x86
		{04573AA7-13B7-46B0-A468-2202FB5149DC}.Ad-Hoc|x86.Build.0 = Release|x86
		{04573AA7-13B7-46B0-A468-2202FB5149DC}.Ad-Hoc|x86.Deploy.0 = Release|x86
		{04573AA7-13B7-46B0-A468-2202FB5149DC}.AppStore|Any CPU.ActiveCfg = Release|x86
		{04573AA7-13B7-46B0-A468-2202FB5149DC}.AppStore|Any CPU.Build.0 = Release|x86
		{04573AA7-13B7-46B0-A468-2202FB5149DC}.AppStore|Any CPU.Deploy.0 = Release|x86
		{04573AA7-13B7-46B0-A468-2202FB5149DC}.AppStore|ARM.ActiveCfg = Release|ARM
		{04573AA7-13B7-46B0-A468-2202FB5149DC}.AppStore|ARM.Build.0 = Release|ARM
		{04573AA7-13B7-46B0-A468-2202FB5149DC}.AppStore|ARM.Deploy.0 = Release|ARM
		{04573AA7-13B7-46B0-A468-2202FB5149DC}.AppStore|iPhone.ActiveCfg = Release|x86
		{04573AA7-13B7-46B0-A468-2202FB5149DC}.AppStore|iPhone.Build.0 = Release|x86
		{04573AA7-13B7-46B0-A468-2202FB5149DC}.AppStore|iPhone.Deploy.0 = Release|x86
		{04573AA7-13B7-46B0-A468-2202FB5149DC}.AppStore|iPhoneSimulator.ActiveCfg = Release|x86
		{04573AA7-13B7-46B0-A468-2202FB5149DC}.AppStore|iPhoneSimulator.Build.0 = Release|x86
		{04573AA7-13B7-46B0-A468-2202FB5149DC}.AppStore|iPhoneSimulator.Deploy.0 = Release|x86
		{04573AA7-13B7-46B0-A468-2202FB5149DC}.AppStore|x64.ActiveCfg = Release|x64
		{04573AA7-13B7-46B0-A468-2202FB5149DC}.AppStore|x64.Build.0 = Release|x64
		{04573AA7-13B7-46B0-A468-2202FB5149DC}.AppStore|x64.Deploy.0 = Release|x64
		{04573AA7-13B7-46B0-A468-2202FB5149DC}.AppStore|x86.ActiveCfg = Release|x86
		{04573AA7-13B7-46B0-A468-2202FB5149DC}.AppStore|x86.Build.0 = Release|x86
		{04573AA7-13B7-46B0-A468-2202FB5149DC}.AppStore|x86.Deploy.0 = Release|x86
		{04573AA7-13B7-46B0-A468-2202FB5149DC}.Debug|Any CPU.ActiveCfg = Debug|x86
		{04573AA7-13B7-46B0-A468-2202FB5149DC}.Debug|ARM.ActiveCfg = Debug|ARM
		{04573AA7-13B7-46B0-A468-2202FB5149DC}.Debug|ARM.Build.0 = Debug|ARM
		{04573AA7-13B7-46B0-A468-2202FB5149DC}.Debug|ARM.Deploy.0 = Debug|ARM
		{04573AA7-13B7-46B0-A468-2202FB5149DC}.Debug|iPhone.ActiveCfg = Debug|x86
		{04573AA7-13B7-46B0-A468-2202FB5149DC}.Debug|iPhoneSimulator.ActiveCfg = Debug|x86
		{04573AA7-13B7-46B0-A468-2202FB5149DC}.Debug|x64.ActiveCfg = Debug|x64
		{04573AA7-13B7-46B0-A468-2202FB5149DC}.Debug|x64.Build.0 = Debug|x64
		{04573AA7-13B7-46B0-A468-2202FB5149DC}.Debug|x64.Deploy.0 = Debug|x64
		{04573AA7-13B7-46B0-A468-2202FB5149DC}.Debug|x86.ActiveCfg = Debug|x86
		{04573AA7-13B7-46B0-A468-2202FB5149DC}.Debug|x86.Build.0 = Debug|x86
		{04573AA7-13B7-46B0-A468-2202FB5149DC}.Debug|x86.Deploy.0 = Debug|x86
		{04573AA7-13B7-46B0-A468-2202FB5149DC}.Release|Any CPU.ActiveCfg = Release|x86
		{04573AA7-13B7-46B0-A468-2202FB5149DC}.Release|ARM.ActiveCfg = Release|ARM
		{04573AA7-13B7-46B0-A468-2202FB5149DC}.Release|ARM.Build.0 = Release|ARM
		{04573AA7-13B7-46B0-A468-2202FB5149DC}.Release|ARM.Deploy.0 = Release|ARM
		{04573AA7-13B7-46B0-A468-2202FB5149DC}.Release|iPhone.ActiveCfg = Release|x86
		{04573AA7-13B7-46B0-A468-2202FB5149DC}.Release|iPhoneSimulator.ActiveCfg = Release|x86
		{04573AA7-13B7-46B0-A468-2202FB5149DC}.Release|x64.ActiveCfg = Release|x64
		{04573AA7-13B7-46B0-A468-2202FB5149DC}.Release|x64.Build.0 = Release|x64
		{04573AA7-13B7-46B0-A468-2202FB5149DC}.Release|x64.Deploy.0 = Release|x64
		{04573AA7-13B7-46B0-A468-2202FB5149DC}.Release|x86.ActiveCfg = Release|x86
		{04573AA7-13B7-46B0-A468-2202FB5149DC}.Release|x86.Build.0 = Release|x86
		{04573AA7-13B7-46B0-A468-2202FB5149DC}.Release|x86.Deploy.0 = Release|x86
		{3782B29F-69EC-44B8-89D2-075258F3763E}.Ad-Hoc|Any CPU.ActiveCfg = Ad-Hoc|iPhone
		{3782B29F-69EC-44B8-89D2-075258F3763E}.Ad-Hoc|ARM.ActiveCfg = Ad-Hoc|iPhone
		{3782B29F-69EC-44B8-89D2-075258F3763E}.Ad-Hoc|iPhone.ActiveCfg = Ad-Hoc|iPhone
		{3782B29F-69EC-44B8-89D2-075258F3763E}.Ad-Hoc|iPhone.Build.0 = Ad-Hoc|iPhone
		{3782B29F-69EC-44B8-89D2-075258F3763E}.Ad-Hoc|iPhoneSimulator.ActiveCfg = Ad-Hoc|iPhoneSimulator
		{3782B29F-69EC-44B8-89D2-075258F3763E}.Ad-Hoc|iPhoneSimulator.Build.0 = Ad-Hoc|iPhoneSimulator
		{3782B29F-69EC-44B8-89D2-075258F3763E}.Ad-Hoc|x64.ActiveCfg = Ad-Hoc|iPhone
		{3782B29F-69EC-44B8-89D2-075258F3763E}.Ad-Hoc|x86.ActiveCfg = Ad-Hoc|iPhone
		{3782B29F-69EC-44B8-89D2-075258F3763E}.AppStore|Any CPU.ActiveCfg = AppStore|iPhone
		{3782B29F-69EC-44B8-89D2-075258F3763E}.AppStore|ARM.ActiveCfg = AppStore|iPhone
		{3782B29F-69EC-44B8-89D2-075258F3763E}.AppStore|iPhone.ActiveCfg = AppStore|iPhone
		{3782B29F-69EC-44B8-89D2-075258F3763E}.AppStore|iPhone.Build.0 = AppStore|iPhone
		{3782B29F-69EC-44B8-89D2-075258F3763E}.AppStore|iPhoneSimulator.ActiveCfg = AppStore|iPhoneSimulator
		{3782B29F-69EC-44B8-89D2-075258F3763E}.AppStore|iPhoneSimulator.Build.0 = AppStore|iPhoneSimulator
		{3782B29F-69EC-44B8-89D2-075258F3763E}.AppStore|x64.ActiveCfg = AppStore|iPhone
		{3782B29F-69EC-44B8-89D2-075258F3763E}.AppStore|x86.ActiveCfg = AppStore|iPhone
		{3782B29F-69EC-44B8-89D2-075258F3763E}.Debug|Any CPU.ActiveCfg = Debug|iPhone
		{3782B29F-69EC-44B8-89D2-075258F3763E}.Debug|ARM.ActiveCfg = Debug|iPhone
		{3782B29F-69EC-44B8-89D2-075258F3763E}.Debug|iPhone.ActiveCfg = Debug|iPhone
		{3782B29F-69EC-44B8-89D2-075258F3763E}.Debug|iPhone.Build.0 = Debug|iPhone
		{3782B29F-69EC-44B8-89D2-075258F3763E}.Debug|iPhoneSimulator.ActiveCfg = Debug|iPhoneSimulator
		{3782B29F-69EC-44B8-89D2-075258F3763E}.Debug|iPhoneSimulator.Build.0 = Debug|iPhoneSimulator
		{3782B29F-69EC-44B8-89D2-075258F3763E}.Debug|x64.ActiveCfg = Debug|iPhone
		{3782B29F-69EC-44B8-89D2-075258F3763E}.Debug|x86.ActiveCfg = Debug|iPhone
		{3782B29F-69EC-44B8-89D2-075258F3763E}.Release|Any CPU.ActiveCfg = Release|iPhone
		{3782B29F-69EC-44B8-89D2-075258F3763E}.Release|ARM.ActiveCfg = Release|iPhone
		{3782B29F-69EC-44B8-89D2-075258F3763E}.Release|iPhone.ActiveCfg = Release|iPhone
		{3782B29F-69EC-44B8-89D2-075258F3763E}.Release|iPhone.Build.0 = Release|iPhone
		{3782B29F-69EC-44B8-89D2-075258F3763E}.Release|iPhoneSimulator.ActiveCfg = Release|iPhoneSimulator
		{3782B29F-69EC-44B8-89D2-075258F3763E}.Release|iPhoneSimulator.Build.0 = Release|iPhoneSimulator
		{3782B29F-69EC-44B8-89D2-075258F3763E}.Release|x64.ActiveCfg = Release|iPhone
		{3782B29F-69EC-44B8-89D2-075258F3763E}.Release|x86.ActiveCfg = Release|iPhone
	EndGlobalSection
	GlobalSection(SolutionProperties) = preSolution
		HideSolutionNode = FALSE
	EndGlobalSection
	GlobalSection(ExtensibilityGlobals) = postSolution
		SolutionGuid = {2C620C23-542D-4D4D-978C-529D236CBB57}
	EndGlobalSection
EndGlobal
